// !$*UTF8*$!
{
	archiveVersion = 1;
	classes = {
	};
	objectVersion = 55;
	objects = {

/* Begin PBXBuildFile section */
		011745F22758692200D87DA1 /* SwiftUICryptoApp.swift in Sources */ = {isa = PBXBuildFile; fileRef = 011745F12758692200D87DA1 /* SwiftUICryptoApp.swift */; };
		011745F42758692200D87DA1 /* CoinListView.swift in Sources */ = {isa = PBXBuildFile; fileRef = 011745F32758692200D87DA1 /* CoinListView.swift */; };
		011745F62758692300D87DA1 /* Assets.xcassets in Resources */ = {isa = PBXBuildFile; fileRef = 011745F52758692300D87DA1 /* Assets.xcassets */; };
		011745F92758692300D87DA1 /* Preview Assets.xcassets in Resources */ = {isa = PBXBuildFile; fileRef = 011745F82758692300D87DA1 /* Preview Assets.xcassets */; };
		011746002758697800D87DA1 /* CryptoTabView.swift in Sources */ = {isa = PBXBuildFile; fileRef = 011745FF2758697800D87DA1 /* CryptoTabView.swift */; };
		011746022758EFE700D87DA1 /* CoinDetailView.swift in Sources */ = {isa = PBXBuildFile; fileRef = 011746012758EFE700D87DA1 /* CoinDetailView.swift */; };
		011746042758F67F00D87DA1 /* NetworkManager.swift in Sources */ = {isa = PBXBuildFile; fileRef = 011746032758F67F00D87DA1 /* NetworkManager.swift */; };
		011746062758F6A000D87DA1 /* Coin.swift in Sources */ = {isa = PBXBuildFile; fileRef = 011746052758F6A000D87DA1 /* Coin.swift */; };
		0123AB28276AB836002DED72 /* CoinCardView.swift in Sources */ = {isa = PBXBuildFile; fileRef = 0123AB27276AB836002DED72 /* CoinCardView.swift */; };
		014C1A8A275AC77000C097E2 /* CRError.swift in Sources */ = {isa = PBXBuildFile; fileRef = 014C1A89275AC77000C097E2 /* CRError.swift */; };
		014C1A8C275ACC8800C097E2 /* CoinImageView.swift in Sources */ = {isa = PBXBuildFile; fileRef = 014C1A8B275ACC8800C097E2 /* CoinImageView.swift */; };
		0161F357275D568D009F365E /* CRLineChartView.swift in Sources */ = {isa = PBXBuildFile; fileRef = 0161F356275D568D009F365E /* CRLineChartView.swift */; };
		0161F359275D85CE009F365E /* Date+Ext.swift in Sources */ = {isa = PBXBuildFile; fileRef = 0161F358275D85CE009F365E /* Date+Ext.swift */; };
		0161F35E275DA45B009F365E /* FavoritesView.swift in Sources */ = {isa = PBXBuildFile; fileRef = 0161F35D275DA45B009F365E /* FavoritesView.swift */; };
		0161F360275DA898009F365E /* FavoritesViewModel.swift in Sources */ = {isa = PBXBuildFile; fileRef = 0161F35F275DA898009F365E /* FavoritesViewModel.swift */; };
		018330262774D22500DC2DA9 /* CoinNameAndImageStack.swift in Sources */ = {isa = PBXBuildFile; fileRef = 018330252774D22500DC2DA9 /* CoinNameAndImageStack.swift */; };
		01988E0327779BDA00F9803E /* EmptyFavoritesView.swift in Sources */ = {isa = PBXBuildFile; fileRef = 01988E0227779BDA00F9803E /* EmptyFavoritesView.swift */; };
		01A15A2F2768CBED007B6452 /* CoinInfo.swift in Sources */ = {isa = PBXBuildFile; fileRef = 01A15A2E2768CBED007B6452 /* CoinInfo.swift */; };
		01CF852A27681A6C0091F4D3 /* CoinInfoDM.xcdatamodeld in Sources */ = {isa = PBXBuildFile; fileRef = 01CF852827681A6C0091F4D3 /* CoinInfoDM.xcdatamodeld */; };
		01D07EAC27592C4A00919D58 /* CoinListViewModel.swift in Sources */ = {isa = PBXBuildFile; fileRef = 01D07EAB27592C4A00919D58 /* CoinListViewModel.swift */; };
		01D07EAF2759343200919D58 /* Double+Ext.swift in Sources */ = {isa = PBXBuildFile; fileRef = 01D07EAE2759343200919D58 /* Double+Ext.swift */; };
/* End PBXBuildFile section */

/* Begin PBXFileReference section */
		011745EE2758692200D87DA1 /* SwiftUICrypto.app */ = {isa = PBXFileReference; explicitFileType = wrapper.application; includeInIndex = 0; path = SwiftUICrypto.app; sourceTree = BUILT_PRODUCTS_DIR; };
		011745F12758692200D87DA1 /* SwiftUICryptoApp.swift */ = {isa = PBXFileReference; lastKnownFileType = sourcecode.swift; path = SwiftUICryptoApp.swift; sourceTree = "<group>"; };
		011745F32758692200D87DA1 /* CoinListView.swift */ = {isa = PBXFileReference; lastKnownFileType = sourcecode.swift; path = CoinListView.swift; sourceTree = "<group>"; };
		011745F52758692300D87DA1 /* Assets.xcassets */ = {isa = PBXFileReference; lastKnownFileType = folder.assetcatalog; path = Assets.xcassets; sourceTree = "<group>"; };
		011745F82758692300D87DA1 /* Preview Assets.xcassets */ = {isa = PBXFileReference; lastKnownFileType = folder.assetcatalog; path = "Preview Assets.xcassets"; sourceTree = "<group>"; };
		011745FF2758697800D87DA1 /* CryptoTabView.swift */ = {isa = PBXFileReference; lastKnownFileType = sourcecode.swift; path = CryptoTabView.swift; sourceTree = "<group>"; };
		011746012758EFE700D87DA1 /* CoinDetailView.swift */ = {isa = PBXFileReference; lastKnownFileType = sourcecode.swift; path = CoinDetailView.swift; sourceTree = "<group>"; };
		011746032758F67F00D87DA1 /* NetworkManager.swift */ = {isa = PBXFileReference; lastKnownFileType = sourcecode.swift; path = NetworkManager.swift; sourceTree = "<group>"; };
		011746052758F6A000D87DA1 /* Coin.swift */ = {isa = PBXFileReference; lastKnownFileType = sourcecode.swift; path = Coin.swift; sourceTree = "<group>"; };
		0123AB27276AB836002DED72 /* CoinCardView.swift */ = {isa = PBXFileReference; lastKnownFileType = sourcecode.swift; path = CoinCardView.swift; sourceTree = "<group>"; };
		014C1A89275AC77000C097E2 /* CRError.swift */ = {isa = PBXFileReference; lastKnownFileType = sourcecode.swift; path = CRError.swift; sourceTree = "<group>"; };
		014C1A8B275ACC8800C097E2 /* CoinImageView.swift */ = {isa = PBXFileReference; lastKnownFileType = sourcecode.swift; path = CoinImageView.swift; sourceTree = "<group>"; };
		0161F356275D568D009F365E /* CRLineChartView.swift */ = {isa = PBXFileReference; lastKnownFileType = sourcecode.swift; path = CRLineChartView.swift; sourceTree = "<group>"; };
		0161F358275D85CE009F365E /* Date+Ext.swift */ = {isa = PBXFileReference; lastKnownFileType = sourcecode.swift; path = "Date+Ext.swift"; sourceTree = "<group>"; };
		0161F35D275DA45B009F365E /* FavoritesView.swift */ = {isa = PBXFileReference; lastKnownFileType = sourcecode.swift; path = FavoritesView.swift; sourceTree = "<group>"; };
		0161F35F275DA898009F365E /* FavoritesViewModel.swift */ = {isa = PBXFileReference; lastKnownFileType = sourcecode.swift; path = FavoritesViewModel.swift; sourceTree = "<group>"; };
		018330252774D22500DC2DA9 /* CoinNameAndImageStack.swift */ = {isa = PBXFileReference; lastKnownFileType = sourcecode.swift; path = CoinNameAndImageStack.swift; sourceTree = "<group>"; };
		01988E0227779BDA00F9803E /* EmptyFavoritesView.swift */ = {isa = PBXFileReference; lastKnownFileType = sourcecode.swift; path = EmptyFavoritesView.swift; sourceTree = "<group>"; };
		01A15A2E2768CBED007B6452 /* CoinInfo.swift */ = {isa = PBXFileReference; lastKnownFileType = sourcecode.swift; path = CoinInfo.swift; sourceTree = "<group>"; };
		01CF852927681A6C0091F4D3 /* FavoriteCoinsDataModel.xcdatamodel */ = {isa = PBXFileReference; lastKnownFileType = wrapper.xcdatamodel; path = FavoriteCoinsDataModel.xcdatamodel; sourceTree = "<group>"; };
		01D07EAB27592C4A00919D58 /* CoinListViewModel.swift */ = {isa = PBXFileReference; lastKnownFileType = sourcecode.swift; path = CoinListViewModel.swift; sourceTree = "<group>"; };
		01D07EAE2759343200919D58 /* Double+Ext.swift */ = {isa = PBXFileReference; lastKnownFileType = sourcecode.swift; path = "Double+Ext.swift"; sourceTree = "<group>"; };
/* End PBXFileReference section */

/* Begin PBXFrameworksBuildPhase section */
		011745EB2758692200D87DA1 /* Frameworks */ = {
			isa = PBXFrameworksBuildPhase;
			buildActionMask = 2147483647;
			files = (
			);
			runOnlyForDeploymentPostprocessing = 0;
		};
/* End PBXFrameworksBuildPhase section */

/* Begin PBXGroup section */
		011745E52758692200D87DA1 = {
			isa = PBXGroup;
			children = (
				011745F02758692200D87DA1 /* SwiftUICrypto */,
				011745EF2758692200D87DA1 /* Products */,
			);
			sourceTree = "<group>";
		};
		011745EF2758692200D87DA1 /* Products */ = {
			isa = PBXGroup;
			children = (
				011745EE2758692200D87DA1 /* SwiftUICrypto.app */,
			);
			name = Products;
			sourceTree = "<group>";
		};
		011745F02758692200D87DA1 /* SwiftUICrypto */ = {
			isa = PBXGroup;
			children = (
				0161F35B275D89DC009F365E /* Utilities */,
				011745F12758692200D87DA1 /* SwiftUICryptoApp.swift */,
				011746032758F67F00D87DA1 /* NetworkManager.swift */,
				011746072758F7F300D87DA1 /* Model */,
				01D07EAA27592AF800919D58 /* Views */,
				011745F52758692300D87DA1 /* Assets.xcassets */,
				011745F72758692300D87DA1 /* Preview Content */,
			);
			path = SwiftUICrypto;
			sourceTree = "<group>";
		};
		011745F72758692300D87DA1 /* Preview Content */ = {
			isa = PBXGroup;
			children = (
				011745F82758692300D87DA1 /* Preview Assets.xcassets */,
			);
			path = "Preview Content";
			sourceTree = "<group>";
		};
		011746072758F7F300D87DA1 /* Model */ = {
			isa = PBXGroup;
			children = (
				011746052758F6A000D87DA1 /* Coin.swift */,
				01A15A2E2768CBED007B6452 /* CoinInfo.swift */,
				01CF852827681A6C0091F4D3 /* CoinInfoDM.xcdatamodeld */,
			);
			path = Model;
			sourceTree = "<group>";
		};
		0147458A2767F81B003FF7B9 /* FavoritesView */ = {
			isa = PBXGroup;
			children = (
				0161F35F275DA898009F365E /* FavoritesViewModel.swift */,
				0161F35D275DA45B009F365E /* FavoritesView.swift */,
			);
			path = FavoritesView;
			sourceTree = "<group>";
		};
		0161F35A275D89C3009F365E /* DetailView */ = {
			isa = PBXGroup;
			children = (
				011746012758EFE700D87DA1 /* CoinDetailView.swift */,
				0161F356275D568D009F365E /* CRLineChartView.swift */,
			);
			path = DetailView;
			sourceTree = "<group>";
		};
		0161F35B275D89DC009F365E /* Utilities */ = {
			isa = PBXGroup;
			children = (
				014C1A89275AC77000C097E2 /* CRError.swift */,
				0161F358275D85CE009F365E /* Date+Ext.swift */,
				01D07EAE2759343200919D58 /* Double+Ext.swift */,
			);
			path = Utilities;
			sourceTree = "<group>";
		};
		0161F35C275D89EC009F365E /* ViewComponents */ = {
			isa = PBXGroup;
			children = (
				014C1A8B275ACC8800C097E2 /* CoinImageView.swift */,
				0123AB27276AB836002DED72 /* CoinCardView.swift */,
				018330252774D22500DC2DA9 /* CoinNameAndImageStack.swift */,
				01988E0227779BDA00F9803E /* EmptyFavoritesView.swift */,
			);
			path = ViewComponents;
			sourceTree = "<group>";
		};
		01D07EAA27592AF800919D58 /* Views */ = {
			isa = PBXGroup;
			children = (
				011745FF2758697800D87DA1 /* CryptoTabView.swift */,
				0147458A2767F81B003FF7B9 /* FavoritesView */,
				01D07EAD27592C6600919D58 /* ListView */,
				0161F35A275D89C3009F365E /* DetailView */,
				0161F35C275D89EC009F365E /* ViewComponents */,
			);
			path = Views;
			sourceTree = "<group>";
		};
		01D07EAD27592C6600919D58 /* ListView */ = {
			isa = PBXGroup;
			children = (
				01D07EAB27592C4A00919D58 /* CoinListViewModel.swift */,
				011745F32758692200D87DA1 /* CoinListView.swift */,
			);
			path = ListView;
			sourceTree = "<group>";
		};
/* End PBXGroup section */

/* Begin PBXNativeTarget section */
		011745ED2758692200D87DA1 /* SwiftUICrypto */ = {
			isa = PBXNativeTarget;
			buildConfigurationList = 011745FC2758692300D87DA1 /* Build configuration list for PBXNativeTarget "SwiftUICrypto" */;
			buildPhases = (
				011745EA2758692200D87DA1 /* Sources */,
				011745EB2758692200D87DA1 /* Frameworks */,
				011745EC2758692200D87DA1 /* Resources */,
			);
			buildRules = (
			);
			dependencies = (
			);
			name = SwiftUICrypto;
			productName = SwiftUICrypto;
			productReference = 011745EE2758692200D87DA1 /* SwiftUICrypto.app */;
			productType = "com.apple.product-type.application";
		};
/* End PBXNativeTarget section */

/* Begin PBXProject section */
		011745E62758692200D87DA1 /* Project object */ = {
			isa = PBXProject;
			attributes = {
				BuildIndependentTargetsInParallel = 1;
				LastSwiftUpdateCheck = 1310;
				LastUpgradeCheck = 1310;
				TargetAttributes = {
					011745ED2758692200D87DA1 = {
						CreatedOnToolsVersion = 13.1;
					};
				};
			};
			buildConfigurationList = 011745E92758692200D87DA1 /* Build configuration list for PBXProject "SwiftUICrypto" */;
			compatibilityVersion = "Xcode 13.0";
			developmentRegion = en;
			hasScannedForEncodings = 0;
			knownRegions = (
				en,
				Base,
			);
			mainGroup = 011745E52758692200D87DA1;
			productRefGroup = 011745EF2758692200D87DA1 /* Products */;
			projectDirPath = "";
			projectRoot = "";
			targets = (
				011745ED2758692200D87DA1 /* SwiftUICrypto */,
			);
		};
/* End PBXProject section */

/* Begin PBXResourcesBuildPhase section */
		011745EC2758692200D87DA1 /* Resources */ = {
			isa = PBXResourcesBuildPhase;
			buildActionMask = 2147483647;
			files = (
				011745F92758692300D87DA1 /* Preview Assets.xcassets in Resources */,
				011745F62758692300D87DA1 /* Assets.xcassets in Resources */,
			);
			runOnlyForDeploymentPostprocessing = 0;
		};
/* End PBXResourcesBuildPhase section */

/* Begin PBXSourcesBuildPhase section */
		011745EA2758692200D87DA1 /* Sources */ = {
			isa = PBXSourcesBuildPhase;
			buildActionMask = 2147483647;
			files = (
				0123AB28276AB836002DED72 /* CoinCardView.swift in Sources */,
				01D07EAC27592C4A00919D58 /* CoinListViewModel.swift in Sources */,
				0161F360275DA898009F365E /* FavoritesViewModel.swift in Sources */,
				014C1A8C275ACC8800C097E2 /* CoinImageView.swift in Sources */,
				0161F35E275DA45B009F365E /* FavoritesView.swift in Sources */,
				0161F357275D568D009F365E /* CRLineChartView.swift in Sources */,
				0161F359275D85CE009F365E /* Date+Ext.swift in Sources */,
				011746062758F6A000D87DA1 /* Coin.swift in Sources */,
				014C1A8A275AC77000C097E2 /* CRError.swift in Sources */,
				01D07EAF2759343200919D58 /* Double+Ext.swift in Sources */,
				011745F42758692200D87DA1 /* CoinListView.swift in Sources */,
				011746042758F67F00D87DA1 /* NetworkManager.swift in Sources */,
				01CF852A27681A6C0091F4D3 /* CoinInfoDM.xcdatamodeld in Sources */,
				011745F22758692200D87DA1 /* SwiftUICryptoApp.swift in Sources */,
				011746022758EFE700D87DA1 /* CoinDetailView.swift in Sources */,
				01A15A2F2768CBED007B6452 /* CoinInfo.swift in Sources */,
				01988E0327779BDA00F9803E /* EmptyFavoritesView.swift in Sources */,
				018330262774D22500DC2DA9 /* CoinNameAndImageStack.swift in Sources */,
				011746002758697800D87DA1 /* CryptoTabView.swift in Sources */,
			);
			runOnlyForDeploymentPostprocessing = 0;
		};
/* End PBXSourcesBuildPhase section */

/* Begin XCBuildConfiguration section */
		011745FA2758692300D87DA1 /* Debug */ = {
			isa = XCBuildConfiguration;
			buildSettings = {
				ALWAYS_SEARCH_USER_PATHS = NO;
				CLANG_ANALYZER_NONNULL = YES;
				CLANG_ANALYZER_NUMBER_OBJECT_CONVERSION = YES_AGGRESSIVE;
				CLANG_CXX_LANGUAGE_STANDARD = "gnu++17";
				CLANG_CXX_LIBRARY = "libc++";
				CLANG_ENABLE_MODULES = YES;
				CLANG_ENABLE_OBJC_ARC = YES;
				CLANG_ENABLE_OBJC_WEAK = YES;
				CLANG_WARN_BLOCK_CAPTURE_AUTORELEASING = YES;
				CLANG_WARN_BOOL_CONVERSION = YES;
				CLANG_WARN_COMMA = YES;
				CLANG_WARN_CONSTANT_CONVERSION = YES;
				CLANG_WARN_DEPRECATED_OBJC_IMPLEMENTATIONS = YES;
				CLANG_WARN_DIRECT_OBJC_ISA_USAGE = YES_ERROR;
				CLANG_WARN_DOCUMENTATION_COMMENTS = YES;
				CLANG_WARN_EMPTY_BODY = YES;
				CLANG_WARN_ENUM_CONVERSION = YES;
				CLANG_WARN_INFINITE_RECURSION = YES;
				CLANG_WARN_INT_CONVERSION = YES;
				CLANG_WARN_NON_LITERAL_NULL_CONVERSION = YES;
				CLANG_WARN_OBJC_IMPLICIT_RETAIN_SELF = YES;
				CLANG_WARN_OBJC_LITERAL_CONVERSION = YES;
				CLANG_WARN_OBJC_ROOT_CLASS = YES_ERROR;
				CLANG_WARN_QUOTED_INCLUDE_IN_FRAMEWORK_HEADER = YES;
				CLANG_WARN_RANGE_LOOP_ANALYSIS = YES;
				CLANG_WARN_STRICT_PROTOTYPES = YES;
				CLANG_WARN_SUSPICIOUS_MOVE = YES;
				CLANG_WARN_UNGUARDED_AVAILABILITY = YES_AGGRESSIVE;
				CLANG_WARN_UNREACHABLE_CODE = YES;
				CLANG_WARN__DUPLICATE_METHOD_MATCH = YES;
				COPY_PHASE_STRIP = NO;
				DEBUG_INFORMATION_FORMAT = dwarf;
				ENABLE_STRICT_OBJC_MSGSEND = YES;
				ENABLE_TESTABILITY = YES;
				GCC_C_LANGUAGE_STANDARD = gnu11;
				GCC_DYNAMIC_NO_PIC = NO;
				GCC_NO_COMMON_BLOCKS = YES;
				GCC_OPTIMIZATION_LEVEL = 0;
				GCC_PREPROCESSOR_DEFINITIONS = (
					"DEBUG=1",
					"$(inherited)",
				);
				GCC_WARN_64_TO_32_BIT_CONVERSION = YES;
				GCC_WARN_ABOUT_RETURN_TYPE = YES_ERROR;
				GCC_WARN_UNDECLARED_SELECTOR = YES;
				GCC_WARN_UNINITIALIZED_AUTOS = YES_AGGRESSIVE;
				GCC_WARN_UNUSED_FUNCTION = YES;
				GCC_WARN_UNUSED_VARIABLE = YES;
				IPHONEOS_DEPLOYMENT_TARGET = 15.0;
				MTL_ENABLE_DEBUG_INFO = INCLUDE_SOURCE;
				MTL_FAST_MATH = YES;
				ONLY_ACTIVE_ARCH = YES;
				SDKROOT = iphoneos;
				SWIFT_ACTIVE_COMPILATION_CONDITIONS = DEBUG;
				SWIFT_OPTIMIZATION_LEVEL = "-Onone";
			};
			name = Debug;
		};
		011745FB2758692300D87DA1 /* Release */ = {
			isa = XCBuildConfiguration;
			buildSettings = {
				ALWAYS_SEARCH_USER_PATHS = NO;
				CLANG_ANALYZER_NONNULL = YES;
				CLANG_ANALYZER_NUMBER_OBJECT_CONVERSION = YES_AGGRESSIVE;
				CLANG_CXX_LANGUAGE_STANDARD = "gnu++17";
				CLANG_CXX_LIBRARY = "libc++";
				CLANG_ENABLE_MODULES = YES;
				CLANG_ENABLE_OBJC_ARC = YES;
				CLANG_ENABLE_OBJC_WEAK = YES;
				CLANG_WARN_BLOCK_CAPTURE_AUTORELEASING = YES;
				CLANG_WARN_BOOL_CONVERSION = YES;
				CLANG_WARN_COMMA = YES;
				CLANG_WARN_CONSTANT_CONVERSION = YES;
				CLANG_WARN_DEPRECATED_OBJC_IMPLEMENTATIONS = YES;
				CLANG_WARN_DIRECT_OBJC_ISA_USAGE = YES_ERROR;
				CLANG_WARN_DOCUMENTATION_COMMENTS = YES;
				CLANG_WARN_EMPTY_BODY = YES;
				CLANG_WARN_ENUM_CONVERSION = YES;
				CLANG_WARN_INFINITE_RECURSION = YES;
				CLANG_WARN_INT_CONVERSION = YES;
				CLANG_WARN_NON_LITERAL_NULL_CONVERSION = YES;
				CLANG_WARN_OBJC_IMPLICIT_RETAIN_SELF = YES;
				CLANG_WARN_OBJC_LITERAL_CONVERSION = YES;
				CLANG_WARN_OBJC_ROOT_CLASS = YES_ERROR;
				CLANG_WARN_QUOTED_INCLUDE_IN_FRAMEWORK_HEADER = YES;
				CLANG_WARN_RANGE_LOOP_ANALYSIS = YES;
				CLANG_WARN_STRICT_PROTOTYPES = YES;
				CLANG_WARN_SUSPICIOUS_MOVE = YES;
				CLANG_WARN_UNGUARDED_AVAILABILITY = YES_AGGRESSIVE;
				CLANG_WARN_UNREACHABLE_CODE = YES;
				CLANG_WARN__DUPLICATE_METHOD_MATCH = YES;
				COPY_PHASE_STRIP = NO;
				DEBUG_INFORMATION_FORMAT = "dwarf-with-dsym";
				ENABLE_NS_ASSERTIONS = NO;
				ENABLE_STRICT_OBJC_MSGSEND = YES;
				GCC_C_LANGUAGE_STANDARD = gnu11;
				GCC_NO_COMMON_BLOCKS = YES;
				GCC_WARN_64_TO_32_BIT_CONVERSION = YES;
				GCC_WARN_ABOUT_RETURN_TYPE = YES_ERROR;
				GCC_WARN_UNDECLARED_SELECTOR = YES;
				GCC_WARN_UNINITIALIZED_AUTOS = YES_AGGRESSIVE;
				GCC_WARN_UNUSED_FUNCTION = YES;
				GCC_WARN_UNUSED_VARIABLE = YES;
				IPHONEOS_DEPLOYMENT_TARGET = 15.0;
				MTL_ENABLE_DEBUG_INFO = NO;
				MTL_FAST_MATH = YES;
				SDKROOT = iphoneos;
				SWIFT_COMPILATION_MODE = wholemodule;
				SWIFT_OPTIMIZATION_LEVEL = "-O";
				VALIDATE_PRODUCT = YES;
			};
			name = Release;
		};
		011745FD2758692300D87DA1 /* Debug */ = {
			isa = XCBuildConfiguration;
			buildSettings = {
				ASSETCATALOG_COMPILER_APPICON_NAME = AppIcon;
				ASSETCATALOG_COMPILER_GLOBAL_ACCENT_COLOR_NAME = AccentColor;
				CODE_SIGN_STYLE = Automatic;
				CURRENT_PROJECT_VERSION = 1;
				DEVELOPMENT_ASSET_PATHS = "\"SwiftUICrypto/Preview Content\"";
				DEVELOPMENT_TEAM = L997WUKPVM;
				ENABLE_PREVIEWS = YES;
				GENERATE_INFOPLIST_FILE = YES;
				INFOPLIST_KEY_UIApplicationSceneManifest_Generation = YES;
				INFOPLIST_KEY_UIApplicationSupportsIndirectInputEvents = YES;
				INFOPLIST_KEY_UILaunchScreen_Generation = YES;
				INFOPLIST_KEY_UISupportedInterfaceOrientations_iPad = "UIInterfaceOrientationPortrait UIInterfaceOrientationPortraitUpsideDown UIInterfaceOrientationLandscapeLeft UIInterfaceOrientationLandscapeRight";
				INFOPLIST_KEY_UISupportedInterfaceOrientations_iPhone = "UIInterfaceOrientationPortrait UIInterfaceOrientationLandscapeLeft UIInterfaceOrientationLandscapeRight";
				LD_RUNPATH_SEARCH_PATHS = (
					"$(inherited)",
					"@executable_path/Frameworks",
				);
				MARKETING_VERSION = 1.0;
				PRODUCT_BUNDLE_IDENTIFIER = com.foftring.SwiftUICrypto;
				PRODUCT_NAME = "$(TARGET_NAME)";
				SWIFT_EMIT_LOC_STRINGS = YES;
				SWIFT_VERSION = 5.0;
				TARGETED_DEVICE_FAMILY = "1,2";
			};
			name = Debug;
		};
		011745FE2758692300D87DA1 /* Release */ = {
			isa = XCBuildConfiguration;
			buildSettings = {
				ASSETCATALOG_COMPILER_APPICON_NAME = AppIcon;
				ASSETCATALOG_COMPILER_GLOBAL_ACCENT_COLOR_NAME = AccentColor;
				CODE_SIGN_STYLE = Automatic;
				CURRENT_PROJECT_VERSION = 1;
				DEVELOPMENT_ASSET_PATHS = "\"SwiftUICrypto/Preview Content\"";
				DEVELOPMENT_TEAM = L997WUKPVM;
				ENABLE_PREVIEWS = YES;
				GENERATE_INFOPLIST_FILE = YES;
				INFOPLIST_KEY_UIApplicationSceneManifest_Generation = YES;
				INFOPLIST_KEY_UIApplicationSupportsIndirectInputEvents = YES;
				INFOPLIST_KEY_UILaunchScreen_Generation = YES;
				INFOPLIST_KEY_UISupportedInterfaceOrientations_iPad = "UIInterfaceOrientationPortrait UIInterfaceOrientationPortraitUpsideDown UIInterfaceOrientationLandscapeLeft UIInterfaceOrientationLandscapeRight";
				INFOPLIST_KEY_UISupportedInterfaceOrientations_iPhone = "UIInterfaceOrientationPortrait UIInterfaceOrientationLandscapeLeft UIInterfaceOrientationLandscapeRight";
				LD_RUNPATH_SEARCH_PATHS = (
					"$(inherited)",
					"@executable_path/Frameworks",
				);
				MARKETING_VERSION = 1.0;
				PRODUCT_BUNDLE_IDENTIFIER = com.foftring.SwiftUICrypto;
				PRODUCT_NAME = "$(TARGET_NAME)";
				SWIFT_EMIT_LOC_STRINGS = YES;
				SWIFT_VERSION = 5.0;
				TARGETED_DEVICE_FAMILY = "1,2";
			};
			name = Release;
		};
/* End XCBuildConfiguration section */

/* Begin XCConfigurationList section */
		011745E92758692200D87DA1 /* Build configuration list for PBXProject "SwiftUICrypto" */ = {
			isa = XCConfigurationList;
			buildConfigurations = (
				011745FA2758692300D87DA1 /* Debug */,
				011745FB2758692300D87DA1 /* Release */,
			);
			defaultConfigurationIsVisible = 0;
			defaultConfigurationName = Release;
		};
		011745FC2758692300D87DA1 /* Build configuration list for PBXNativeTarget "SwiftUICrypto" */ = {
			isa = XCConfigurationList;
			buildConfigurations = (
				011745FD2758692300D87DA1 /* Debug */,
				011745FE2758692300D87DA1 /* Release */,
			);
			defaultConfigurationIsVisible = 0;
			defaultConfigurationName = Release;
		};
/* End XCConfigurationList section */

/* Begin XCVersionGroup section */
		01CF852827681A6C0091F4D3 /* CoinInfoDM.xcdatamodeld */ = {
			isa = XCVersionGroup;
			children = (
				01CF852927681A6C0091F4D3 /* FavoriteCoinsDataModel.xcdatamodel */,
			);
			currentVersion = 01CF852927681A6C0091F4D3 /* FavoriteCoinsDataModel.xcdatamodel */;
			path = CoinInfoDM.xcdatamodeld;
			sourceTree = "<group>";
			versionGroupType = wrapper.xcdatamodel;
		};
/* End XCVersionGroup section */
	};
	rootObject = 011745E62758692200D87DA1 /* Project object */;
}
